// !$*UTF8*$!
{
	archiveVersion = 1;
	classes = {
	};
	objectVersion = 56;
	objects = {

/* Begin PBXBuildFile section */
		AB1B12EB2AB3A309007328A3 /* README.md in Resources */ = {isa = PBXBuildFile; fileRef = AB1B12EA2AB3A309007328A3 /* README.md */; };
		AB2422F32B9681C1008A52DF /* Page2.swift in Sources */ = {isa = PBXBuildFile; fileRef = AB2422E82B9681C1008A52DF /* Page2.swift */; };
		AB2422F42B9681C1008A52DF /* Page4.swift in Sources */ = {isa = PBXBuildFile; fileRef = AB2422E92B9681C1008A52DF /* Page4.swift */; };
		AB2422F52B9681C1008A52DF /* Page3.swift in Sources */ = {isa = PBXBuildFile; fileRef = AB2422EA2B9681C1008A52DF /* Page3.swift */; };
		AB2422F62B9681C1008A52DF /* Page1.swift in Sources */ = {isa = PBXBuildFile; fileRef = AB2422EB2B9681C1008A52DF /* Page1.swift */; };
		AB2422F72B9681C1008A52DF /* jht.jpg in Resources */ = {isa = PBXBuildFile; fileRef = AB2422ED2B9681C1008A52DF /* jht.jpg */; };
		AB2422F82B9681C1008A52DF /* Assets.xcassets in Resources */ = {isa = PBXBuildFile; fileRef = AB2422EE2B9681C1008A52DF /* Assets.xcassets */; };
		AB2422F92B9681C1008A52DF /* Page5.swift in Sources */ = {isa = PBXBuildFile; fileRef = AB2422EF2B9681C1008A52DF /* Page5.swift */; };
		AB2422FA2B9681C1008A52DF /* Preview Assets.xcassets in Resources */ = {isa = PBXBuildFile; fileRef = AB2422F12B9681C1008A52DF /* Preview Assets.xcassets */; };
		AB2422FB2B9681C1008A52DF /* Router.swift in Sources */ = {isa = PBXBuildFile; fileRef = AB2422F22B9681C1008A52DF /* Router.swift */; };
		AB2422FD2B96852B008A52DF /* MainView.swift in Sources */ = {isa = PBXBuildFile; fileRef = AB2422FC2B96852B008A52DF /* MainView.swift */; };
/* End PBXBuildFile section */

/* Begin PBXFileReference section */
		AB1B12EA2AB3A309007328A3 /* README.md */ = {isa = PBXFileReference; fileEncoding = 4; lastKnownFileType = net.daringfireball.markdown; name = README.md; path = ../README.md; sourceTree = "<group>"; };
		AB2422E82B9681C1008A52DF /* Page2.swift */ = {isa = PBXFileReference; fileEncoding = 4; lastKnownFileType = sourcecode.swift; path = Page2.swift; sourceTree = "<group>"; };
		AB2422E92B9681C1008A52DF /* Page4.swift */ = {isa = PBXFileReference; fileEncoding = 4; lastKnownFileType = sourcecode.swift; path = Page4.swift; sourceTree = "<group>"; };
		AB2422EA2B9681C1008A52DF /* Page3.swift */ = {isa = PBXFileReference; fileEncoding = 4; lastKnownFileType = sourcecode.swift; path = Page3.swift; sourceTree = "<group>"; };
		AB2422EB2B9681C1008A52DF /* Page1.swift */ = {isa = PBXFileReference; fileEncoding = 4; lastKnownFileType = sourcecode.swift; path = Page1.swift; sourceTree = "<group>"; };
		AB2422ED2B9681C1008A52DF /* jht.jpg */ = {isa = PBXFileReference; lastKnownFileType = image.jpeg; path = jht.jpg; sourceTree = "<group>"; };
		AB2422EE2B9681C1008A52DF /* Assets.xcassets */ = {isa = PBXFileReference; lastKnownFileType = folder.assetcatalog; path = Assets.xcassets; sourceTree = "<group>"; };
		AB2422EF2B9681C1008A52DF /* Page5.swift */ = {isa = PBXFileReference; fileEncoding = 4; lastKnownFileType = sourcecode.swift; path = Page5.swift; sourceTree = "<group>"; };
		AB2422F12B9681C1008A52DF /* Preview Assets.xcassets */ = {isa = PBXFileReference; lastKnownFileType = folder.assetcatalog; path = "Preview Assets.xcassets"; sourceTree = "<group>"; };
		AB2422F22B9681C1008A52DF /* Router.swift */ = {isa = PBXFileReference; fileEncoding = 4; lastKnownFileType = sourcecode.swift; path = Router.swift; sourceTree = "<group>"; };
		AB2422FC2B96852B008A52DF /* MainView.swift */ = {isa = PBXFileReference; lastKnownFileType = sourcecode.swift; path = MainView.swift; sourceTree = "<group>"; };
		ABE29FC82AB3A03D0072F7C2 /* Router.app */ = {isa = PBXFileReference; explicitFileType = wrapper.application; includeInIndex = 0; path = Router.app; sourceTree = BUILT_PRODUCTS_DIR; };
/* End PBXFileReference section */

/* Begin PBXFrameworksBuildPhase section */
		ABE29FC52AB3A03D0072F7C2 /* Frameworks */ = {
			isa = PBXFrameworksBuildPhase;
			buildActionMask = 2147483647;
			files = (
			);
			runOnlyForDeploymentPostprocessing = 0;
		};
/* End PBXFrameworksBuildPhase section */

/* Begin PBXGroup section */
		AB2422E72B9681C1008A52DF /* Router */ = {
			isa = PBXGroup;
			children = (
				AB2422F22B9681C1008A52DF /* Router.swift */,
				AB2422FC2B96852B008A52DF /* MainView.swift */,
				AB2422EB2B9681C1008A52DF /* Page1.swift */,
				AB2422E82B9681C1008A52DF /* Page2.swift */,
				AB2422EA2B9681C1008A52DF /* Page3.swift */,
				AB2422E92B9681C1008A52DF /* Page4.swift */,
				AB2422EF2B9681C1008A52DF /* Page5.swift */,
				AB2422EC2B9681C1008A52DF /* Resources */,
				AB2422EE2B9681C1008A52DF /* Assets.xcassets */,
				AB2422F02B9681C1008A52DF /* Preview Content */,
			);
			path = Router;
			sourceTree = "<group>";
		};
		AB2422EC2B9681C1008A52DF /* Resources */ = {
			isa = PBXGroup;
			children = (
				AB2422ED2B9681C1008A52DF /* jht.jpg */,
			);
			path = Resources;
			sourceTree = "<group>";
		};
		AB2422F02B9681C1008A52DF /* Preview Content */ = {
			isa = PBXGroup;
			children = (
				AB2422F12B9681C1008A52DF /* Preview Assets.xcassets */,
			);
			path = "Preview Content";
			sourceTree = "<group>";
		};
		ABE29FBF2AB3A03D0072F7C2 = {
			isa = PBXGroup;
			children = (
				AB1B12EA2AB3A309007328A3 /* README.md */,
				AB2422E72B9681C1008A52DF /* Router */,
				ABE29FC92AB3A03D0072F7C2 /* Products */,
			);
			sourceTree = "<group>";
		};
		ABE29FC92AB3A03D0072F7C2 /* Products */ = {
			isa = PBXGroup;
			children = (
				ABE29FC82AB3A03D0072F7C2 /* Router.app */,
			);
			name = Products;
			sourceTree = "<group>";
		};
/* End PBXGroup section */

/* Begin PBXNativeTarget section */
		ABE29FC72AB3A03D0072F7C2 /* Router */ = {
			isa = PBXNativeTarget;
			buildConfigurationList = ABE29FD62AB3A03E0072F7C2 /* Build configuration list for PBXNativeTarget "Router" */;
			buildPhases = (
				ABE29FC42AB3A03D0072F7C2 /* Sources */,
				ABE29FC52AB3A03D0072F7C2 /* Frameworks */,
				ABE29FC62AB3A03D0072F7C2 /* Resources */,
			);
			buildRules = (
			);
			dependencies = (
			);
			name = Router;
			productName = "ImageUiDemo-urls";
			productReference = ABE29FC82AB3A03D0072F7C2 /* Router.app */;
			productType = "com.apple.product-type.application";
		};
/* End PBXNativeTarget section */

/* Begin PBXProject section */
		ABE29FC02AB3A03D0072F7C2 /* Project object */ = {
			isa = PBXProject;
			attributes = {
				BuildIndependentTargetsInParallel = 1;
				LastSwiftUpdateCheck = 1430;
				LastUpgradeCheck = 1430;
				TargetAttributes = {
					ABE29FC72AB3A03D0072F7C2 = {
						CreatedOnToolsVersion = 14.3.1;
					};
				};
			};
			buildConfigurationList = ABE29FC32AB3A03D0072F7C2 /* Build configuration list for PBXProject "Router" */;
			compatibilityVersion = "Xcode 14.0";
			developmentRegion = en;
			hasScannedForEncodings = 0;
			knownRegions = (
				en,
				Base,
			);
			mainGroup = ABE29FBF2AB3A03D0072F7C2;
			productRefGroup = ABE29FC92AB3A03D0072F7C2 /* Products */;
			projectDirPath = "";
			projectRoot = "";
			targets = (
				ABE29FC72AB3A03D0072F7C2 /* Router */,
			);
		};
/* End PBXProject section */

/* Begin PBXResourcesBuildPhase section */
		ABE29FC62AB3A03D0072F7C2 /* Resources */ = {
			isa = PBXResourcesBuildPhase;
			buildActionMask = 2147483647;
			files = (
				AB2422FA2B9681C1008A52DF /* Preview Assets.xcassets in Resources */,
				AB2422F72B9681C1008A52DF /* jht.jpg in Resources */,
				AB2422F82B9681C1008A52DF /* Assets.xcassets in Resources */,
				AB1B12EB2AB3A309007328A3 /* README.md in Resources */,
			);
			runOnlyForDeploymentPostprocessing = 0;
		};
/* End PBXResourcesBuildPhase section */

/* Begin PBXSourcesBuildPhase section */
		ABE29FC42AB3A03D0072F7C2 /* Sources */ = {
			isa = PBXSourcesBuildPhase;
			buildActionMask = 2147483647;
			files = (
				AB2422F62B9681C1008A52DF /* Page1.swift in Sources */,
				AB2422FD2B96852B008A52DF /* MainView.swift in Sources */,
				AB2422F92B9681C1008A52DF /* Page5.swift in Sources */,
				AB2422F32B9681C1008A52DF /* Page2.swift in Sources */,
				AB2422F42B9681C1008A52DF /* Page4.swift in Sources */,
				AB2422FB2B9681C1008A52DF /* Router.swift in Sources */,
				AB2422F52B9681C1008A52DF /* Page3.swift in Sources */,
			);
			runOnlyForDeploymentPostprocessing = 0;
		};
/* End PBXSourcesBuildPhase section */

/* Begin XCBuildConfiguration section */
		ABE29FD42AB3A03E0072F7C2 /* Debug */ = {
			isa = XCBuildConfiguration;
			buildSettings = {
				ALWAYS_SEARCH_USER_PATHS = NO;
				CLANG_ANALYZER_NONNULL = YES;
				CLANG_ANALYZER_NUMBER_OBJECT_CONVERSION = YES_AGGRESSIVE;
				CLANG_CXX_LANGUAGE_STANDARD = "gnu++20";
				CLANG_ENABLE_MODULES = YES;
				CLANG_ENABLE_OBJC_ARC = YES;
				CLANG_ENABLE_OBJC_WEAK = YES;
				CLANG_WARN_BLOCK_CAPTURE_AUTORELEASING = YES;
				CLANG_WARN_BOOL_CONVERSION = YES;
				CLANG_WARN_COMMA = YES;
				CLANG_WARN_CONSTANT_CONVERSION = YES;
				CLANG_WARN_DEPRECATED_OBJC_IMPLEMENTATIONS = YES;
				CLANG_WARN_DIRECT_OBJC_ISA_USAGE = YES_ERROR;
				CLANG_WARN_DOCUMENTATION_COMMENTS = YES;
				CLANG_WARN_EMPTY_BODY = YES;
				CLANG_WARN_ENUM_CONVERSION = YES;
				CLANG_WARN_INFINITE_RECURSION = YES;
				CLANG_WARN_INT_CONVERSION = YES;
				CLANG_WARN_NON_LITERAL_NULL_CONVERSION = YES;
				CLANG_WARN_OBJC_IMPLICIT_RETAIN_SELF = YES;
				CLANG_WARN_OBJC_LITERAL_CONVERSION = YES;
				CLANG_WARN_OBJC_ROOT_CLASS = YES_ERROR;
				CLANG_WARN_QUOTED_INCLUDE_IN_FRAMEWORK_HEADER = YES;
				CLANG_WARN_RANGE_LOOP_ANALYSIS = YES;
				CLANG_WARN_STRICT_PROTOTYPES = YES;
				CLANG_WARN_SUSPICIOUS_MOVE = YES;
				CLANG_WARN_UNGUARDED_AVAILABILITY = YES_AGGRESSIVE;
				CLANG_WARN_UNREACHABLE_CODE = YES;
				CLANG_WARN__DUPLICATE_METHOD_MATCH = YES;
				COPY_PHASE_STRIP = NO;
				DEBUG_INFORMATION_FORMAT = dwarf;
				ENABLE_STRICT_OBJC_MSGSEND = YES;
				ENABLE_TESTABILITY = YES;
				GCC_C_LANGUAGE_STANDARD = gnu11;
				GCC_DYNAMIC_NO_PIC = NO;
				GCC_NO_COMMON_BLOCKS = YES;
				GCC_OPTIMIZATION_LEVEL = 0;
				GCC_PREPROCESSOR_DEFINITIONS = (
					"DEBUG=1",
					"$(inherited)",
				);
				GCC_WARN_64_TO_32_BIT_CONVERSION = YES;
				GCC_WARN_ABOUT_RETURN_TYPE = YES_ERROR;
				GCC_WARN_UNDECLARED_SELECTOR = YES;
				GCC_WARN_UNINITIALIZED_AUTOS = YES_AGGRESSIVE;
				GCC_WARN_UNUSED_FUNCTION = YES;
				GCC_WARN_UNUSED_VARIABLE = YES;
				IPHONEOS_DEPLOYMENT_TARGET = 16.4;
				MTL_ENABLE_DEBUG_INFO = INCLUDE_SOURCE;
				MTL_FAST_MATH = YES;
				ONLY_ACTIVE_ARCH = YES;
				SDKROOT = iphoneos;
				SWIFT_ACTIVE_COMPILATION_CONDITIONS = DEBUG;
				SWIFT_OPTIMIZATION_LEVEL = "-Onone";
			};
			name = Debug;
		};
		ABE29FD52AB3A03E0072F7C2 /* Release */ = {
			isa = XCBuildConfiguration;
			buildSettings = {
				ALWAYS_SEARCH_USER_PATHS = NO;
				CLANG_ANALYZER_NONNULL = YES;
				CLANG_ANALYZER_NUMBER_OBJECT_CONVERSION = YES_AGGRESSIVE;
				CLANG_CXX_LANGUAGE_STANDARD = "gnu++20";
				CLANG_ENABLE_MODULES = YES;
				CLANG_ENABLE_OBJC_ARC = YES;
				CLANG_ENABLE_OBJC_WEAK = YES;
				CLANG_WARN_BLOCK_CAPTURE_AUTORELEASING = YES;
				CLANG_WARN_BOOL_CONVERSION = YES;
				CLANG_WARN_COMMA = YES;
				CLANG_WARN_CONSTANT_CONVERSION = YES;
				CLANG_WARN_DEPRECATED_OBJC_IMPLEMENTATIONS = YES;
				CLANG_WARN_DIRECT_OBJC_ISA_USAGE = YES_ERROR;
				CLANG_WARN_DOCUMENTATION_COMMENTS = YES;
				CLANG_WARN_EMPTY_BODY = YES;
				CLANG_WARN_ENUM_CONVERSION = YES;
				CLANG_WARN_INFINITE_RECURSION = YES;
				CLANG_WARN_INT_CONVERSION = YES;
				CLANG_WARN_NON_LITERAL_NULL_CONVERSION = YES;
				CLANG_WARN_OBJC_IMPLICIT_RETAIN_SELF = YES;
				CLANG_WARN_OBJC_LITERAL_CONVERSION = YES;
				CLANG_WARN_OBJC_ROOT_CLASS = YES_ERROR;
				CLANG_WARN_QUOTED_INCLUDE_IN_FRAMEWORK_HEADER = YES;
				CLANG_WARN_RANGE_LOOP_ANALYSIS = YES;
				CLANG_WARN_STRICT_PROTOTYPES = YES;
				CLANG_WARN_SUSPICIOUS_MOVE = YES;
				CLANG_WARN_UNGUARDED_AVAILABILITY = YES_AGGRESSIVE;
				CLANG_WARN_UNREACHABLE_CODE = YES;
				CLANG_WARN__DUPLICATE_METHOD_MATCH = YES;
				COPY_PHASE_STRIP = NO;
				DEBUG_INFORMATION_FORMAT = "dwarf-with-dsym";
				ENABLE_NS_ASSERTIONS = NO;
				ENABLE_STRICT_OBJC_MSGSEND = YES;
				GCC_C_LANGUAGE_STANDARD = gnu11;
				GCC_NO_COMMON_BLOCKS = YES;
				GCC_WARN_64_TO_32_BIT_CONVERSION = YES;
				GCC_WARN_ABOUT_RETURN_TYPE = YES_ERROR;
				GCC_WARN_UNDECLARED_SELECTOR = YES;
				GCC_WARN_UNINITIALIZED_AUTOS = YES_AGGRESSIVE;
				GCC_WARN_UNUSED_FUNCTION = YES;
				GCC_WARN_UNUSED_VARIABLE = YES;
				IPHONEOS_DEPLOYMENT_TARGET = 16.4;
				MTL_ENABLE_DEBUG_INFO = NO;
				MTL_FAST_MATH = YES;
				SDKROOT = iphoneos;
				SWIFT_COMPILATION_MODE = wholemodule;
				SWIFT_OPTIMIZATION_LEVEL = "-O";
				VALIDATE_PRODUCT = YES;
			};
			name = Release;
		};
		ABE29FD72AB3A03E0072F7C2 /* Debug */ = {
			isa = XCBuildConfiguration;
			buildSettings = {
				ASSETCATALOG_COMPILER_APPICON_NAME = AppIcon;
				ASSETCATALOG_COMPILER_GLOBAL_ACCENT_COLOR_NAME = AccentColor;
				CODE_SIGN_STYLE = Automatic;
				CURRENT_PROJECT_VERSION = 1;
				DEVELOPMENT_ASSET_PATHS = "\"Router/Preview Content\"";
				DEVELOPMENT_TEAM = 3RCW2SSL8G;
				ENABLE_PREVIEWS = YES;
				GENERATE_INFOPLIST_FILE = YES;
				INFOPLIST_KEY_UIApplicationSceneManifest_Generation = YES;
				INFOPLIST_KEY_UIApplicationSupportsIndirectInputEvents = YES;
				INFOPLIST_KEY_UILaunchScreen_Generation = YES;
				INFOPLIST_KEY_UISupportedInterfaceOrientations_iPad = "UIInterfaceOrientationPortrait UIInterfaceOrientationPortraitUpsideDown UIInterfaceOrientationLandscapeLeft UIInterfaceOrientationLandscapeRight";
				INFOPLIST_KEY_UISupportedInterfaceOrientations_iPhone = "UIInterfaceOrientationPortrait UIInterfaceOrientationLandscapeLeft UIInterfaceOrientationLandscapeRight";
				IPHONEOS_DEPLOYMENT_TARGET = 17.6;
				LD_RUNPATH_SEARCH_PATHS = (
					"$(inherited)",
					"@executable_path/Frameworks",
				);
				MARKETING_VERSION = 1.0;
				PRODUCT_BUNDLE_IDENTIFIER = "com.jht1900.ImageUiDemo-urls";
				PRODUCT_NAME = "$(TARGET_NAME)";
				SWIFT_EMIT_LOC_STRINGS = YES;
				SWIFT_VERSION = 5.0;
				TARGETED_DEVICE_FAMILY = "1,2";
			};
			name = Debug;
		};
		ABE29FD82AB3A03E0072F7C2 /* Release */ = {
			isa = XCBuildConfiguration;
			buildSettings = {
				ASSETCATALOG_COMPILER_APPICON_NAME = AppIcon;
				ASSETCATALOG_COMPILER_GLOBAL_ACCENT_COLOR_NAME = AccentColor;
				CODE_SIGN_STYLE = Automatic;
				CURRENT_PROJECT_VERSION = 1;
				DEVELOPMENT_ASSET_PATHS = "\"Router/Preview Content\"";
				DEVELOPMENT_TEAM = 3RCW2SSL8G;
				ENABLE_PREVIEWS = YES;
				GENERATE_INFOPLIST_FILE = YES;
				INFOPLIST_KEY_UIApplicationSceneManifest_Generation = YES;
				INFOPLIST_KEY_UIApplicationSupportsIndirectInputEvents = YES;
				INFOPLIST_KEY_UILaunchScreen_Generation = YES;
				INFOPLIST_KEY_UISupportedInterfaceOrientations_iPad = "UIInterfaceOrientationPortrait UIInterfaceOrientationPortraitUpsideDown UIInterfaceOrientationLandscapeLeft UIInterfaceOrientationLandscapeRight";
				INFOPLIST_KEY_UISupportedInterfaceOrientations_iPhone = "UIInterfaceOrientationPortrait UIInterfaceOrientationLandscapeLeft UIInterfaceOrientationLandscapeRight";
				IPHONEOS_DEPLOYMENT_TARGET = 17.6;
				LD_RUNPATH_SEARCH_PATHS = (
					"$(inherited)",
					"@executable_path/Frameworks",
				);
				MARKETING_VERSION = 1.0;
				PRODUCT_BUNDLE_IDENTIFIER = "com.jht1900.ImageUiDemo-urls";
				PRODUCT_NAME = "$(TARGET_NAME)";
				SWIFT_EMIT_LOC_STRINGS = YES;
				SWIFT_VERSION = 5.0;
				TARGETED_DEVICE_FAMILY = "1,2";
			};
			name = Release;
		};
/* End XCBuildConfiguration section */

/* Begin XCConfigurationList section */
		ABE29FC32AB3A03D0072F7C2 /* Build configuration list for PBXProject "Router" */ = {
			isa = XCConfigurationList;
			buildConfigurations = (
				ABE29FD42AB3A03E0072F7C2 /* Debug */,
				ABE29FD52AB3A03E0072F7C2 /* Release */,
			);
			defaultConfigurationIsVisible = 0;
			defaultConfigurationName = Release;
		};
		ABE29FD62AB3A03E0072F7C2 /* Build configuration list for PBXNativeTarget "Router" */ = {
			isa = XCConfigurationList;
			buildConfigurations = (
				ABE29FD72AB3A03E0072F7C2 /* Debug */,
				ABE29FD82AB3A03E0072F7C2 /* Release */,
			);
			defaultConfigurationIsVisible = 0;
			defaultConfigurationName = Release;
		};
/* End XCConfigurationList section */
	};
	rootObject = ABE29FC02AB3A03D0072F7C2 /* Project object */;
}
